
Microsoft Visual Studio Solution File, Format Version 12.00
# Visual Studio Version 17
VisualStudioVersion = 17.7.34221.43
MinimumVisualStudioVersion = 10.0.40219.1
Project("{FAE04EC0-301F-11D3-BF4B-00C04F79EFBC}") = "FiniteStateMachine", "FiniteStateMachine\FiniteStateMachine.csproj", "{7805FCA6-1B0B-4BB7-80F3-B17EC708623F}"
EndProject
Global
	GlobalSection(SolutionConfigurationPlatforms) = preSolution
		Debug|Any CPU = Debug|Any CPU
		Release|Any CPU = Release|Any CPU
	EndGlobalSection
	GlobalSection(ProjectConfigurationPlatforms) = postSolution
		{7805FCA6-1B0B-4BB7-80F3-B17EC708623F}.Debug|Any CPU.ActiveCfg = Debug|Any CPU
		{7805FCA6-1B0B-4BB7-80F3-B17EC708623F}.Debug|Any CPU.Build.0 = Debug|Any CPU
		{7805FCA6-1B0B-4BB7-80F3-B17EC708623F}.Release|Any CPU.ActiveCfg = Release|Any CPU
		{7805FCA6-1B0B-4BB7-80F3-B17EC708623F}.Release|Any CPU.Build.0 = Release|Any CPU
	EndGlobalSection
	GlobalSection(SolutionProperties) = preSolution
		HideSolutionNode = FALSE
	EndGlobalSection
	GlobalSection(ExtensibilityGlobals) = postSolution
		SolutionGuid = {F32E6DD7-4FE5-48EF-A742-C6570B0B2756}
	EndGlobalSection
EndGlobal
